
Microsoft Visual Studio Solution File, Format Version 12.00
# Visual Studio 14
VisualStudioVersion = 14.0.25420.1
MinimumVisualStudioVersion = 10.0.40219.1
Project("{2150E333-8FDC-42A3-9474-1A3956D46DE8}") = "src", "src", "{0B79AE3C-86EA-4F1B-AA38-906C4814E9BB}"
EndProject
Project("{2150E333-8FDC-42A3-9474-1A3956D46DE8}") = "Solution Items", "Solution Items", "{24C8742A-5162-4D0E-9607-160A79B986C7}"
	ProjectSection(SolutionItems) = preProject
		global.json = global.json
	EndProjectSection
EndProject
Project("{8BB2217D-0F2D-49D1-97BC-3654ED321F3B}") = "Aolyn.Utility", "src\Aolyn.Utility\Aolyn.Utility.xproj", "{8BBEF52E-4A67-4B89-AB3A-A274500A10DD}"
EndProject
Project("{8BB2217D-0F2D-49D1-97BC-3654ED321F3B}") = "Aolyn.Config", "src\Aolyn.Config\Aolyn.Config.xproj", "{8B1AE6A8-4776-4F09-9AB4-5BA75DB73639}"
EndProject
Project("{8BB2217D-0F2D-49D1-97BC-3654ED321F3B}") = "Aolyn.Data.Npgsql", "src\Aolyn.Data.Npgsql\Aolyn.Data.Npgsql.xproj", "{F5A768A9-2FE9-4363-A644-D80F9C98C4CD}"
EndProject
Project("{8BB2217D-0F2D-49D1-97BC-3654ED321F3B}") = "Test", "src\Test\Test.xproj", "{BEEAE0D5-EDEF-4E8B-9097-D12A501E70A8}"
EndProject
Global
	GlobalSection(SolutionConfigurationPlatforms) = preSolution
		Debug|Any CPU = Debug|Any CPU
		Release|Any CPU = Release|Any CPU
	EndGlobalSection
	GlobalSection(ProjectConfigurationPlatforms) = postSolution
		{8BBEF52E-4A67-4B89-AB3A-A274500A10DD}.Debug|Any CPU.ActiveCfg = Debug|Any CPU
		{8BBEF52E-4A67-4B89-AB3A-A274500A10DD}.Debug|Any CPU.Build.0 = Debug|Any CPU
		{8BBEF52E-4A67-4B89-AB3A-A274500A10DD}.Release|Any CPU.ActiveCfg = Release|Any CPU
		{8BBEF52E-4A67-4B89-AB3A-A274500A10DD}.Release|Any CPU.Build.0 = Release|Any CPU
		{8B1AE6A8-4776-4F09-9AB4-5BA75DB73639}.Debug|Any CPU.ActiveCfg = Debug|Any CPU
		{8B1AE6A8-4776-4F09-9AB4-5BA75DB73639}.Debug|Any CPU.Build.0 = Debug|Any CPU
		{8B1AE6A8-4776-4F09-9AB4-5BA75DB73639}.Release|Any CPU.ActiveCfg = Release|Any CPU
		{8B1AE6A8-4776-4F09-9AB4-5BA75DB73639}.Release|Any CPU.Build.0 = Release|Any CPU
		{F5A768A9-2FE9-4363-A644-D80F9C98C4CD}.Debug|Any CPU.ActiveCfg = Debug|Any CPU
		{F5A768A9-2FE9-4363-A644-D80F9C98C4CD}.Debug|Any CPU.Build.0 = Debug|Any CPU
		{F5A768A9-2FE9-4363-A644-D80F9C98C4CD}.Release|Any CPU.ActiveCfg = Release|Any CPU
		{F5A768A9-2FE9-4363-A644-D80F9C98C4CD}.Release|Any CPU.Build.0 = Release|Any CPU
		{BEEAE0D5-EDEF-4E8B-9097-D12A501E70A8}.Debug|Any CPU.ActiveCfg = Debug|Any CPU
		{BEEAE0D5-EDEF-4E8B-9097-D12A501E70A8}.Debug|Any CPU.Build.0 = Debug|Any CPU
		{BEEAE0D5-EDEF-4E8B-9097-D12A501E70A8}.Release|Any CPU.ActiveCfg = Release|Any CPU
		{BEEAE0D5-EDEF-4E8B-9097-D12A501E70A8}.Release|Any CPU.Build.0 = Release|Any CPU
	EndGlobalSection
	GlobalSection(SolutionProperties) = preSolution
		HideSolutionNode = FALSE
	EndGlobalSection
	GlobalSection(NestedProjects) = preSolution
		{8BBEF52E-4A67-4B89-AB3A-A274500A10DD} = {0B79AE3C-86EA-4F1B-AA38-906C4814E9BB}
		{8B1AE6A8-4776-4F09-9AB4-5BA75DB73639} = {0B79AE3C-86EA-4F1B-AA38-906C4814E9BB}
		{F5A768A9-2FE9-4363-A644-D80F9C98C4CD} = {0B79AE3C-86EA-4F1B-AA38-906C4814E9BB}
		{BEEAE0D5-EDEF-4E8B-9097-D12A501E70A8} = {0B79AE3C-86EA-4F1B-AA38-906C4814E9BB}
	EndGlobalSection
EndGlobal
